// !$*UTF8*$!
{
	archiveVersion = 1;
	classes = {
	};
	objectVersion = 50;
	objects = {

/* Begin PBXBuildFile section */
		D6A7E6B923097DB6000C1B19 /* AppDelegate.m in Sources */ = {isa = PBXBuildFile; fileRef = D6A7E6B823097DB6000C1B19 /* AppDelegate.m */; };
		D6A7E6BC23097DB6000C1B19 /* ViewController.m in Sources */ = {isa = PBXBuildFile; fileRef = D6A7E6BB23097DB6000C1B19 /* ViewController.m */; };
		D6A7E6BF23097DB6000C1B19 /* Main.storyboard in Resources */ = {isa = PBXBuildFile; fileRef = D6A7E6BD23097DB6000C1B19 /* Main.storyboard */; };
		D6A7E6C123097DB8000C1B19 /* Assets.xcassets in Resources */ = {isa = PBXBuildFile; fileRef = D6A7E6C023097DB8000C1B19 /* Assets.xcassets */; };
		D6A7E6C423097DB8000C1B19 /* LaunchScreen.storyboard in Resources */ = {isa = PBXBuildFile; fileRef = D6A7E6C223097DB8000C1B19 /* LaunchScreen.storyboard */; };
		D6A7E6C723097DB8000C1B19 /* main.m in Sources */ = {isa = PBXBuildFile; fileRef = D6A7E6C623097DB8000C1B19 /* main.m */; };
		D6A7E6D123097DB8000C1B19 /* GHTestTests.m in Sources */ = {isa = PBXBuildFile; fileRef = D6A7E6D023097DB8000C1B19 /* GHTestTests.m */; };
		D6A7E6DC23097DB8000C1B19 /* GHTestUITests.m in Sources */ = {isa = PBXBuildFile; fileRef = D6A7E6DB23097DB8000C1B19 /* GHTestUITests.m */; };
		D6A7E6F023098487000C1B19 /* GHFrameworkSDK.framework in Frameworks */ = {isa = PBXBuildFile; fileRef = D6A7E6EF23098487000C1B19 /* GHFrameworkSDK.framework */; };
/* End PBXBuildFile section */

/* Begin PBXContainerItemProxy section */
		D6A7E6CD23097DB8000C1B19 /* PBXContainerItemProxy */ = {
			isa = PBXContainerItemProxy;
			containerPortal = D6A7E6AC23097DB6000C1B19 /* Project object */;
			proxyType = 1;
			remoteGlobalIDString = D6A7E6B323097DB6000C1B19;
			remoteInfo = GHTest;
		};
		D6A7E6D823097DB8000C1B19 /* PBXContainerItemProxy */ = {
			isa = PBXContainerItemProxy;
			containerPortal = D6A7E6AC23097DB6000C1B19 /* Project object */;
			proxyType = 1;
			remoteGlobalIDString = D6A7E6B323097DB6000C1B19;
			remoteInfo = GHTest;
		};
/* End PBXContainerItemProxy section */

/* Begin PBXFileReference section */
		D6A7E6B423097DB6000C1B19 /* GHTest.app */ = {isa = PBXFileReference; explicitFileType = wrapper.application; includeInIndex = 0; path = GHTest.app; sourceTree = BUILT_PRODUCTS_DIR; };
		D6A7E6B723097DB6000C1B19 /* AppDelegate.h */ = {isa = PBXFileReference; lastKnownFileType = sourcecode.c.h; path = AppDelegate.h; sourceTree = "<group>"; };
		D6A7E6B823097DB6000C1B19 /* AppDelegate.m */ = {isa = PBXFileReference; lastKnownFileType = sourcecode.c.objc; path = AppDelegate.m; sourceTree = "<group>"; };
		D6A7E6BA23097DB6000C1B19 /* ViewController.h */ = {isa = PBXFileReference; lastKnownFileType = sourcecode.c.h; path = ViewController.h; sourceTree = "<group>"; };
		D6A7E6BB23097DB6000C1B19 /* ViewController.m */ = {isa = PBXFileReference; lastKnownFileType = sourcecode.c.objc; path = ViewController.m; sourceTree = "<group>"; };
		D6A7E6BE23097DB6000C1B19 /* Base */ = {isa = PBXFileReference; lastKnownFileType = file.storyboard; name = Base; path = Base.lproj/Main.storyboard; sourceTree = "<group>"; };
		D6A7E6C023097DB8000C1B19 /* Assets.xcassets */ = {isa = PBXFileReference; lastKnownFileType = folder.assetcatalog; path = Assets.xcassets; sourceTree = "<group>"; };
		D6A7E6C323097DB8000C1B19 /* Base */ = {isa = PBXFileReference; lastKnownFileType = file.storyboard; name = Base; path = Base.lproj/LaunchScreen.storyboard; sourceTree = "<group>"; };
		D6A7E6C523097DB8000C1B19 /* Info.plist */ = {isa = PBXFileReference; lastKnownFileType = text.plist.xml; path = Info.plist; sourceTree = "<group>"; };
		D6A7E6C623097DB8000C1B19 /* main.m */ = {isa = PBXFileReference; lastKnownFileType = sourcecode.c.objc; path = main.m; sourceTree = "<group>"; };
		D6A7E6CC23097DB8000C1B19 /* GHTestTests.xctest */ = {isa = PBXFileReference; explicitFileType = wrapper.cfbundle; includeInIndex = 0; path = GHTestTests.xctest; sourceTree = BUILT_PRODUCTS_DIR; };
		D6A7E6D023097DB8000C1B19 /* GHTestTests.m */ = {isa = PBXFileReference; lastKnownFileType = sourcecode.c.objc; path = GHTestTests.m; sourceTree = "<group>"; };
		D6A7E6D223097DB8000C1B19 /* Info.plist */ = {isa = PBXFileReference; lastKnownFileType = text.plist.xml; path = Info.plist; sourceTree = "<group>"; };
		D6A7E6D723097DB8000C1B19 /* GHTestUITests.xctest */ = {isa = PBXFileReference; explicitFileType = wrapper.cfbundle; includeInIndex = 0; path = GHTestUITests.xctest; sourceTree = BUILT_PRODUCTS_DIR; };
		D6A7E6DB23097DB8000C1B19 /* GHTestUITests.m */ = {isa = PBXFileReference; lastKnownFileType = sourcecode.c.objc; path = GHTestUITests.m; sourceTree = "<group>"; };
		D6A7E6DD23097DB8000C1B19 /* Info.plist */ = {isa = PBXFileReference; lastKnownFileType = text.plist.xml; path = Info.plist; sourceTree = "<group>"; };
		D6A7E6EF23098487000C1B19 /* GHFrameworkSDK.framework */ = {isa = PBXFileReference; lastKnownFileType = wrapper.framework; path = GHFrameworkSDK.framework; sourceTree = "<group>"; };
/* End PBXFileReference section */

/* Begin PBXFrameworksBuildPhase section */
		D6A7E6B123097DB6000C1B19 /* Frameworks */ = {
			isa = PBXFrameworksBuildPhase;
			buildActionMask = 2147483647;
			files = (
				D6A7E6F023098487000C1B19 /* GHFrameworkSDK.framework in Frameworks */,
			);
			runOnlyForDeploymentPostprocessing = 0;
		};
		D6A7E6C923097DB8000C1B19 /* Frameworks */ = {
			isa = PBXFrameworksBuildPhase;
			buildActionMask = 2147483647;
			files = (
			);
			runOnlyForDeploymentPostprocessing = 0;
		};
		D6A7E6D423097DB8000C1B19 /* Frameworks */ = {
			isa = PBXFrameworksBuildPhase;
			buildActionMask = 2147483647;
			files = (
			);
			runOnlyForDeploymentPostprocessing = 0;
		};
/* End PBXFrameworksBuildPhase section */

/* Begin PBXGroup section */
		D6A7E6AB23097DB6000C1B19 = {
			isa = PBXGroup;
			children = (
				D6A7E6B623097DB6000C1B19 /* GHTest */,
				D6A7E6CF23097DB8000C1B19 /* GHTestTests */,
				D6A7E6DA23097DB8000C1B19 /* GHTestUITests */,
				D6A7E6B523097DB6000C1B19 /* Products */,
			);
			sourceTree = "<group>";
		};
		D6A7E6B523097DB6000C1B19 /* Products */ = {
			isa = PBXGroup;
			children = (
				D6A7E6B423097DB6000C1B19 /* GHTest.app */,
				D6A7E6CC23097DB8000C1B19 /* GHTestTests.xctest */,
				D6A7E6D723097DB8000C1B19 /* GHTestUITests.xctest */,
			);
			name = Products;
			sourceTree = "<group>";
		};
		D6A7E6B623097DB6000C1B19 /* GHTest */ = {
			isa = PBXGroup;
			children = (
				D6A7E6EF23098487000C1B19 /* GHFrameworkSDK.framework */,
				D6A7E6B723097DB6000C1B19 /* AppDelegate.h */,
				D6A7E6B823097DB6000C1B19 /* AppDelegate.m */,
				D6A7E6BA23097DB6000C1B19 /* ViewController.h */,
				D6A7E6BB23097DB6000C1B19 /* ViewController.m */,
				D6A7E6BD23097DB6000C1B19 /* Main.storyboard */,
				D6A7E6C023097DB8000C1B19 /* Assets.xcassets */,
				D6A7E6C223097DB8000C1B19 /* LaunchScreen.storyboard */,
				D6A7E6C523097DB8000C1B19 /* Info.plist */,
				D6A7E6C623097DB8000C1B19 /* main.m */,
			);
			path = GHTest;
			sourceTree = "<group>";
		};
		D6A7E6CF23097DB8000C1B19 /* GHTestTests */ = {
			isa = PBXGroup;
			children = (
				D6A7E6D023097DB8000C1B19 /* GHTestTests.m */,
				D6A7E6D223097DB8000C1B19 /* Info.plist */,
			);
			path = GHTestTests;
			sourceTree = "<group>";
		};
		D6A7E6DA23097DB8000C1B19 /* GHTestUITests */ = {
			isa = PBXGroup;
			children = (
				D6A7E6DB23097DB8000C1B19 /* GHTestUITests.m */,
				D6A7E6DD23097DB8000C1B19 /* Info.plist */,
			);
			path = GHTestUITests;
			sourceTree = "<group>";
		};
/* End PBXGroup section */

/* Begin PBXNativeTarget section */
		D6A7E6B323097DB6000C1B19 /* GHTest */ = {
			isa = PBXNativeTarget;
			buildConfigurationList = D6A7E6E023097DB8000C1B19 /* Build configuration list for PBXNativeTarget "GHTest" */;
			buildPhases = (
				D6A7E6B023097DB6000C1B19 /* Sources */,
				D6A7E6B123097DB6000C1B19 /* Frameworks */,
				D6A7E6B223097DB6000C1B19 /* Resources */,
			);
			buildRules = (
			);
			dependencies = (
			);
			name = GHTest;
			productName = GHTest;
			productReference = D6A7E6B423097DB6000C1B19 /* GHTest.app */;
			productType = "com.apple.product-type.application";
		};
		D6A7E6CB23097DB8000C1B19 /* GHTestTests */ = {
			isa = PBXNativeTarget;
			buildConfigurationList = D6A7E6E323097DB8000C1B19 /* Build configuration list for PBXNativeTarget "GHTestTests" */;
			buildPhases = (
				D6A7E6C823097DB8000C1B19 /* Sources */,
				D6A7E6C923097DB8000C1B19 /* Frameworks */,
				D6A7E6CA23097DB8000C1B19 /* Resources */,
			);
			buildRules = (
			);
			dependencies = (
				D6A7E6CE23097DB8000C1B19 /* PBXTargetDependency */,
			);
			name = GHTestTests;
			productName = GHTestTests;
			productReference = D6A7E6CC23097DB8000C1B19 /* GHTestTests.xctest */;
			productType = "com.apple.product-type.bundle.unit-test";
		};
		D6A7E6D623097DB8000C1B19 /* GHTestUITests */ = {
			isa = PBXNativeTarget;
			buildConfigurationList = D6A7E6E623097DB8000C1B19 /* Build configuration list for PBXNativeTarget "GHTestUITests" */;
			buildPhases = (
				D6A7E6D323097DB8000C1B19 /* Sources */,
				D6A7E6D423097DB8000C1B19 /* Frameworks */,
				D6A7E6D523097DB8000C1B19 /* Resources */,
			);
			buildRules = (
			);
			dependencies = (
				D6A7E6D923097DB8000C1B19 /* PBXTargetDependency */,
			);
			name = GHTestUITests;
			productName = GHTestUITests;
			productReference = D6A7E6D723097DB8000C1B19 /* GHTestUITests.xctest */;
			productType = "com.apple.product-type.bundle.ui-testing";
		};
/* End PBXNativeTarget section */

/* Begin PBXProject section */
		D6A7E6AC23097DB6000C1B19 /* Project object */ = {
			isa = PBXProject;
			attributes = {
				LastUpgradeCheck = 1010;
				ORGANIZATIONNAME = GHome;
				TargetAttributes = {
					D6A7E6B323097DB6000C1B19 = {
						CreatedOnToolsVersion = 10.1;
					};
					D6A7E6CB23097DB8000C1B19 = {
						CreatedOnToolsVersion = 10.1;
						TestTargetID = D6A7E6B323097DB6000C1B19;
					};
					D6A7E6D623097DB8000C1B19 = {
						CreatedOnToolsVersion = 10.1;
						TestTargetID = D6A7E6B323097DB6000C1B19;
					};
				};
			};
			buildConfigurationList = D6A7E6AF23097DB6000C1B19 /* Build configuration list for PBXProject "GHTest" */;
			compatibilityVersion = "Xcode 9.3";
			developmentRegion = en;
			hasScannedForEncodings = 0;
			knownRegions = (
				en,
				Base,
			);
			mainGroup = D6A7E6AB23097DB6000C1B19;
			productRefGroup = D6A7E6B523097DB6000C1B19 /* Products */;
			projectDirPath = "";
			projectRoot = "";
			targets = (
				D6A7E6B323097DB6000C1B19 /* GHTest */,
				D6A7E6CB23097DB8000C1B19 /* GHTestTests */,
				D6A7E6D623097DB8000C1B19 /* GHTestUITests */,
			);
		};
/* End PBXProject section */

/* Begin PBXResourcesBuildPhase section */
		D6A7E6B223097DB6000C1B19 /* Resources */ = {
			isa = PBXResourcesBuildPhase;
			buildActionMask = 2147483647;
			files = (
				D6A7E6C423097DB8000C1B19 /* LaunchScreen.storyboard in Resources */,
				D6A7E6C123097DB8000C1B19 /* Assets.xcassets in Resources */,
				D6A7E6BF23097DB6000C1B19 /* Main.storyboard in Resources */,
			);
			runOnlyForDeploymentPostprocessing = 0;
		};
		D6A7E6CA23097DB8000C1B19 /* Resources */ = {
			isa = PBXResourcesBuildPhase;
			buildActionMask = 2147483647;
			files = (
			);
			runOnlyForDeploymentPostprocessing = 0;
		};
		D6A7E6D523097DB8000C1B19 /* Resources */ = {
			isa = PBXResourcesBuildPhase;
			buildActionMask = 2147483647;
			files = (
			);
			runOnlyForDeploymentPostprocessing = 0;
		};
/* End PBXResourcesBuildPhase section */

/* Begin PBXSourcesBuildPhase section */
		D6A7E6B023097DB6000C1B19 /* Sources */ = {
			isa = PBXSourcesBuildPhase;
			buildActionMask = 2147483647;
			files = (
				D6A7E6BC23097DB6000C1B19 /* ViewController.m in Sources */,
				D6A7E6C723097DB8000C1B19 /* main.m in Sources */,
				D6A7E6B923097DB6000C1B19 /* AppDelegate.m in Sources */,
			);
			runOnlyForDeploymentPostprocessing = 0;
		};
		D6A7E6C823097DB8000C1B19 /* Sources */ = {
			isa = PBXSourcesBuildPhase;
			buildActionMask = 2147483647;
			files = (
				D6A7E6D123097DB8000C1B19 /* GHTestTests.m in Sources */,
			);
			runOnlyForDeploymentPostprocessing = 0;
		};
		D6A7E6D323097DB8000C1B19 /* Sources */ = {
			isa = PBXSourcesBuildPhase;
			buildActionMask = 2147483647;
			files = (
				D6A7E6DC23097DB8000C1B19 /* GHTestUITests.m in Sources */,
			);
			runOnlyForDeploymentPostprocessing = 0;
		};
/* End PBXSourcesBuildPhase section */

/* Begin PBXTargetDependency section */
		D6A7E6CE23097DB8000C1B19 /* PBXTargetDependency */ = {
			isa = PBXTargetDependency;
			target = D6A7E6B323097DB6000C1B19 /* GHTest */;
			targetProxy = D6A7E6CD23097DB8000C1B19 /* PBXContainerItemProxy */;
		};
		D6A7E6D923097DB8000C1B19 /* PBXTargetDependency */ = {
			isa = PBXTargetDependency;
			target = D6A7E6B323097DB6000C1B19 /* GHTest */;
			targetProxy = D6A7E6D823097DB8000C1B19 /* PBXContainerItemProxy */;
		};
/* End PBXTargetDependency section */

/* Begin PBXVariantGroup section */
		D6A7E6BD23097DB6000C1B19 /* Main.storyboard */ = {
			isa = PBXVariantGroup;
			children = (
				D6A7E6BE23097DB6000C1B19 /* Base */,
			);
			name = Main.storyboard;
			sourceTree = "<group>";
		};
		D6A7E6C223097DB8000C1B19 /* LaunchScreen.storyboard */ = {
			isa = PBXVariantGroup;
			children = (
				D6A7E6C323097DB8000C1B19 /* Base */,
			);
			name = LaunchScreen.storyboard;
			sourceTree = "<group>";
		};
/* End PBXVariantGroup section */

/* Begin XCBuildConfiguration section */
		D6A7E6DE23097DB8000C1B19 /* Debug */ = {
			isa = XCBuildConfiguration;
			buildSettings = {
				ALWAYS_SEARCH_USER_PATHS = NO;
				CLANG_ANALYZER_NONNULL = YES;
				CLANG_ANALYZER_NUMBER_OBJECT_CONVERSION = YES_AGGRESSIVE;
				CLANG_CXX_LANGUAGE_STANDARD = "gnu++14";
				CLANG_CXX_LIBRARY = "libc++";
				CLANG_ENABLE_MODULES = YES;
				CLANG_ENABLE_OBJC_ARC = YES;
				CLANG_ENABLE_OBJC_WEAK = YES;
				CLANG_WARN_BLOCK_CAPTURE_AUTORELEASING = YES;
				CLANG_WARN_BOOL_CONVERSION = YES;
				CLANG_WARN_COMMA = YES;
				CLANG_WARN_CONSTANT_CONVERSION = YES;
				CLANG_WARN_DEPRECATED_OBJC_IMPLEMENTATIONS = YES;
				CLANG_WARN_DIRECT_OBJC_ISA_USAGE = YES_ERROR;
				CLANG_WARN_DOCUMENTATION_COMMENTS = YES;
				CLANG_WARN_EMPTY_BODY = YES;
				CLANG_WARN_ENUM_CONVERSION = YES;
				CLANG_WARN_INFINITE_RECURSION = YES;
				CLANG_WARN_INT_CONVERSION = YES;
				CLANG_WARN_NON_LITERAL_NULL_CONVERSION = YES;
				CLANG_WARN_OBJC_IMPLICIT_RETAIN_SELF = YES;
				CLANG_WARN_OBJC_LITERAL_CONVERSION = YES;
				CLANG_WARN_OBJC_ROOT_CLASS = YES_ERROR;
				CLANG_WARN_RANGE_LOOP_ANALYSIS = YES;
				CLANG_WARN_STRICT_PROTOTYPES = YES;
				CLANG_WARN_SUSPICIOUS_MOVE = YES;
				CLANG_WARN_UNGUARDED_AVAILABILITY = YES_AGGRESSIVE;
				CLANG_WARN_UNREACHABLE_CODE = YES;
				CLANG_WARN__DUPLICATE_METHOD_MATCH = YES;
				CODE_SIGN_IDENTITY = "iPhone Developer";
				COPY_PHASE_STRIP = NO;
				DEBUG_INFORMATION_FORMAT = dwarf;
				ENABLE_STRICT_OBJC_MSGSEND = YES;
				ENABLE_TESTABILITY = YES;
				GCC_C_LANGUAGE_STANDARD = gnu11;
				GCC_DYNAMIC_NO_PIC = NO;
				GCC_NO_COMMON_BLOCKS = YES;
				GCC_OPTIMIZATION_LEVEL = 0;
				GCC_PREPROCESSOR_DEFINITIONS = (
					"DEBUG=1",
					"$(inherited)",
				);
				GCC_WARN_64_TO_32_BIT_CONVERSION = YES;
				GCC_WARN_ABOUT_RETURN_TYPE = YES_ERROR;
				GCC_WARN_UNDECLARED_SELECTOR = YES;
				GCC_WARN_UNINITIALIZED_AUTOS = YES_AGGRESSIVE;
				GCC_WARN_UNUSED_FUNCTION = YES;
				GCC_WARN_UNUSED_VARIABLE = YES;
				IPHONEOS_DEPLOYMENT_TARGET = 12.1;
				MTL_ENABLE_DEBUG_INFO = INCLUDE_SOURCE;
				MTL_FAST_MATH = YES;
				ONLY_ACTIVE_ARCH = YES;
				SDKROOT = iphoneos;
			};
			name = Debug;
		};
		D6A7E6DF23097DB8000C1B19 /* Release */ = {
			isa = XCBuildConfiguration;
			buildSettings = {
				ALWAYS_SEARCH_USER_PATHS = NO;
				CLANG_ANALYZER_NONNULL = YES;
				CLANG_ANALYZER_NUMBER_OBJECT_CONVERSION = YES_AGGRESSIVE;
				CLANG_CXX_LANGUAGE_STANDARD = "gnu++14";
				CLANG_CXX_LIBRARY = "libc++";
				CLANG_ENABLE_MODULES = YES;
				CLANG_ENABLE_OBJC_ARC = YES;
				CLANG_ENABLE_OBJC_WEAK = YES;
				CLANG_WARN_BLOCK_CAPTURE_AUTORELEASING = YES;
				CLANG_WARN_BOOL_CONVERSION = YES;
				CLANG_WARN_COMMA = YES;
				CLANG_WARN_CONSTANT_CONVERSION = YES;
				CLANG_WARN_DEPRECATED_OBJC_IMPLEMENTATIONS = YES;
				CLANG_WARN_DIRECT_OBJC_ISA_USAGE = YES_ERROR;
				CLANG_WARN_DOCUMENTATION_COMMENTS = YES;
				CLANG_WARN_EMPTY_BODY = YES;
				CLANG_WARN_ENUM_CONVERSION = YES;
				CLANG_WARN_INFINITE_RECURSION = YES;
				CLANG_WARN_INT_CONVERSION = YES;
				CLANG_WARN_NON_LITERAL_NULL_CONVERSION = YES;
				CLANG_WARN_OBJC_IMPLICIT_RETAIN_SELF = YES;
				CLANG_WARN_OBJC_LITERAL_CONVERSION = YES;
				CLANG_WARN_OBJC_ROOT_CLASS = YES_ERROR;
				CLANG_WARN_RANGE_LOOP_ANALYSIS = YES;
				CLANG_WARN_STRICT_PROTOTYPES = YES;
				CLANG_WARN_SUSPICIOUS_MOVE = YES;
				CLANG_WARN_UNGUARDED_AVAILABILITY = YES_AGGRESSIVE;
				CLANG_WARN_UNREACHABLE_CODE = YES;
				CLANG_WARN__DUPLICATE_METHOD_MATCH = YES;
				CODE_SIGN_IDENTITY = "iPhone Developer";
				COPY_PHASE_STRIP = NO;
				DEBUG_INFORMATION_FORMAT = "dwarf-with-dsym";
				ENABLE_NS_ASSERTIONS = NO;
				ENABLE_STRICT_OBJC_MSGSEND = YES;
				GCC_C_LANGUAGE_STANDARD = gnu11;
				GCC_NO_COMMON_BLOCKS = YES;
				GCC_WARN_64_TO_32_BIT_CONVERSION = YES;
				GCC_WARN_ABOUT_RETURN_TYPE = YES_ERROR;
				GCC_WARN_UNDECLARED_SELECTOR = YES;
				GCC_WARN_UNINITIALIZED_AUTOS = YES_AGGRESSIVE;
				GCC_WARN_UNUSED_FUNCTION = YES;
				GCC_WARN_UNUSED_VARIABLE = YES;
				IPHONEOS_DEPLOYMENT_TARGET = 12.1;
				MTL_ENABLE_DEBUG_INFO = NO;
				MTL_FAST_MATH = YES;
				SDKROOT = iphoneos;
				VALIDATE_PRODUCT = YES;
			};
			name = Release;
		};
		D6A7E6E123097DB8000C1B19 /* Debug */ = {
			isa = XCBuildConfiguration;
			buildSettings = {
				ASSETCATALOG_COMPILER_APPICON_NAME = AppIcon;
				CODE_SIGN_STYLE = Automatic;
				FRAMEWORK_SEARCH_PATHS = (
					"$(inherited)",
					"$(PROJECT_DIR)/GHTest",
				);
				INFOPLIST_FILE = GHTest/Info.plist;
				LD_RUNPATH_SEARCH_PATHS = (
					"$(inherited)",
					"@executable_path/Frameworks",
				);
				PRODUCT_BUNDLE_IDENTIFIER = GHome.GHTest;
				PRODUCT_NAME = "$(TARGET_NAME)";
				TARGETED_DEVICE_FAMILY = "1,2";
			};
			name = Debug;
		};
		D6A7E6E223097DB8000C1B19 /* Release */ = {
			isa = XCBuildConfiguration;
			buildSettings = {
				ASSETCATALOG_COMPILER_APPICON_NAME = AppIcon;
				CODE_SIGN_STYLE = Automatic;
				FRAMEWORK_SEARCH_PATHS = (
					"$(inherited)",
					"$(PROJECT_DIR)/GHTest",
				);
				INFOPLIST_FILE = GHTest/Info.plist;
				LD_RUNPATH_SEARCH_PATHS = (
					"$(inherited)",
					"@executable_path/Frameworks",
				);
				PRODUCT_BUNDLE_IDENTIFIER = GHome.GHTest;
				PRODUCT_NAME = "$(TARGET_NAME)";
				TARGETED_DEVICE_FAMILY = "1,2";
			};
			name = Release;
		};
		D6A7E6E423097DB8000C1B19 /* Debug */ = {
			isa = XCBuildConfiguration;
			buildSettings = {
				BUNDLE_LOADER = "$(TEST_HOST)";
				CODE_SIGN_STYLE = Automatic;
				INFOPLIST_FILE = GHTestTests/Info.plist;
				LD_RUNPATH_SEARCH_PATHS = (
					"$(inherited)",
					"@executable_path/Frameworks",
					"@loader_path/Frameworks",
				);
				PRODUCT_BUNDLE_IDENTIFIER = GHome.GHTestTests;
				PRODUCT_NAME = "$(TARGET_NAME)";
				TARGETED_DEVICE_FAMILY = "1,2";
				TEST_HOST = "$(BUILT_PRODUCTS_DIR)/GHTest.app/GHTest";
			};
			name = Debug;
		};
		D6A7E6E523097DB8000C1B19 /* Release */ = {
			isa = XCBuildConfiguration;
			buildSettings = {
				BUNDLE_LOADER = "$(TEST_HOST)";
				CODE_SIGN_STYLE = Automatic;
				INFOPLIST_FILE = GHTestTests/Info.plist;
				LD_RUNPATH_SEARCH_PATHS = (
					"$(inherited)",
					"@executable_path/Frameworks",
					"@loader_path/Frameworks",
				);
				PRODUCT_BUNDLE_IDENTIFIER = GHome.GHTestTests;
				PRODUCT_NAME = "$(TARGET_NAME)";
				TARGETED_DEVICE_FAMILY = "1,2";
				TEST_HOST = "$(BUILT_PRODUCTS_DIR)/GHTest.app/GHTest";
			};
			name = Release;
		};
		D6A7E6E723097DB8000C1B19 /* Debug */ = {
			isa = XCBuildConfiguration;
			buildSettings = {
				CODE_SIGN_STYLE = Automatic;
				INFOPLIST_FILE = GHTestUITests/Info.plist;
				LD_RUNPATH_SEARCH_PATHS = (
					"$(inherited)",
					"@executable_path/Frameworks",
					"@loader_path/Frameworks",
				);
				PRODUCT_BUNDLE_IDENTIFIER = GHome.GHTestUITests;
				PRODUCT_NAME = "$(TARGET_NAME)";
				TARGETED_DEVICE_FAMILY = "1,2";
				TEST_TARGET_NAME = GHTest;
			};
			name = Debug;
		};
		D6A7E6E823097DB8000C1B19 /* Release */ = {
			isa = XCBuildConfiguration;
			buildSettings = {
				CODE_SIGN_STYLE = Automatic;
				INFOPLIST_FILE = GHTestUITests/Info.plist;
				LD_RUNPATH_SEARCH_PATHS = (
					"$(inherited)",
					"@executable_path/Frameworks",
					"@loader_path/Frameworks",
				);
				PRODUCT_BUNDLE_IDENTIFIER = GHome.GHTestUITests;
				PRODUCT_NAME = "$(TARGET_NAME)";
				TARGETED_DEVICE_FAMILY = "1,2";
				TEST_TARGET_NAME = GHTest;
			};
			name = Release;
		};
/* End XCBuildConfiguration section */

/* Begin XCConfigurationList section */
		D6A7E6AF23097DB6000C1B19 /* Build configuration list for PBXProject "GHTest" */ = {
			isa = XCConfigurationList;
			buildConfigurations = (
				D6A7E6DE23097DB8000C1B19 /* Debug */,
				D6A7E6DF23097DB8000C1B19 /* Release */,
			);
			defaultConfigurationIsVisible = 0;
			defaultConfigurationName = Release;
		};
		D6A7E6E023097DB8000C1B19 /* Build configuration list for PBXNativeTarget "GHTest" */ = {
			isa = XCConfigurationList;
			buildConfigurations = (
				D6A7E6E123097DB8000C1B19 /* Debug */,
				D6A7E6E223097DB8000C1B19 /* Release */,
			);
			defaultConfigurationIsVisible = 0;
			defaultConfigurationName = Release;
		};
		D6A7E6E323097DB8000C1B19 /* Build configuration list for PBXNativeTarget "GHTestTests" */ = {
			isa = XCConfigurationList;
			buildConfigurations = (
				D6A7E6E423097DB8000C1B19 /* Debug */,
				D6A7E6E523097DB8000C1B19 /* Release */,
			);
			defaultConfigurationIsVisible = 0;
			defaultConfigurationName = Release;
		};
		D6A7E6E623097DB8000C1B19 /* Build configuration list for PBXNativeTarget "GHTestUITests" */ = {
			isa = XCConfigurationList;
			buildConfigurations = (
				D6A7E6E723097DB8000C1B19 /* Debug */,
				D6A7E6E823097DB8000C1B19 /* Release */,
			);
			defaultConfigurationIsVisible = 0;
			defaultConfigurationName = Release;
		};
/* End XCConfigurationList section */
	};
	rootObject = D6A7E6AC23097DB6000C1B19 /* Project object */;
}
